
Microsoft Visual Studio Solution File, Format Version 12.00
# Visual Studio 15
VisualStudioVersion = 15.0.28307.902
MinimumVisualStudioVersion = 10.0.40219.1
Project("{FAE04EC0-301F-11D3-BF4B-00C04F79EFBC}") = "RentBer", "RentBer\RentBer.csproj", "{AFF5AAFE-D7D8-4E17-B00F-A20270942300}"
EndProject
Global
	GlobalSection(SolutionConfigurationPlatforms) = preSolution
		Debug|Any CPU = Debug|Any CPU
		Release|Any CPU = Release|Any CPU
	EndGlobalSection
	GlobalSection(ProjectConfigurationPlatforms) = postSolution
		{AFF5AAFE-D7D8-4E17-B00F-A20270942300}.Debug|Any CPU.ActiveCfg = Debug|Any CPU
		{AFF5AAFE-D7D8-4E17-B00F-A20270942300}.Debug|Any CPU.Build.0 = Debug|Any CPU
		{AFF5AAFE-D7D8-4E17-B00F-A20270942300}.Release|Any CPU.ActiveCfg = Release|Any CPU
		{AFF5AAFE-D7D8-4E17-B00F-A20270942300}.Release|Any CPU.Build.0 = Release|Any CPU
	EndGlobalSection
	GlobalSection(SolutionProperties) = preSolution
		HideSolutionNode = FALSE
	EndGlobalSection
	GlobalSection(ExtensibilityGlobals) = postSolution
		SolutionGuid = {F415DD12-1AB1-418A-B28F-4E265143DECB}
	EndGlobalSection
EndGlobal
